
Microsoft Visual Studio Solution File, Format Version 12.00
# Visual Studio 15
VisualStudioVersion = 15.0.28307.421
MinimumVisualStudioVersion = 10.0.40219.1
Project("{FAE04EC0-301F-11D3-BF4B-00C04F79EFBC}") = "Gerenciador de Plano de Aula", "Gerenciador de Plano de Aula\Gerenciador de Plano de Aula.csproj", "{80081826-0C86-4BE9-B651-D51DC7A43204}"
EndProject
Global
	GlobalSection(SolutionConfigurationPlatforms) = preSolution
		Debug|Any CPU = Debug|Any CPU
		Release|Any CPU = Release|Any CPU
	EndGlobalSection
	GlobalSection(ProjectConfigurationPlatforms) = postSolution
		{80081826-0C86-4BE9-B651-D51DC7A43204}.Debug|Any CPU.ActiveCfg = Debug|Any CPU
		{80081826-0C86-4BE9-B651-D51DC7A43204}.Debug|Any CPU.Build.0 = Debug|Any CPU
		{80081826-0C86-4BE9-B651-D51DC7A43204}.Release|Any CPU.ActiveCfg = Release|Any CPU
		{80081826-0C86-4BE9-B651-D51DC7A43204}.Release|Any CPU.Build.0 = Release|Any CPU
	EndGlobalSection
	GlobalSection(SolutionProperties) = preSolution
		HideSolutionNode = FALSE
	EndGlobalSection
	GlobalSection(ExtensibilityGlobals) = postSolution
		SolutionGuid = {57D693BA-A1C1-483F-BA17-42DB95ACCC5F}
	EndGlobalSection
EndGlobal
